{
  "name": "sample",
  "version": "0.0.2",
  "lockfileVersion": 3,
  "requires": true,
  "packages": {
    "": {
      "name": "sample",
      "dependencies": {
        "pocketpages": ">=0.22.3",
        "pocketpages-plugin-realtime": "^0.2.0"
      }
    },
    "node_modules/pocketbase-ejs": {
      "version": "3.1.10006",
      "resolved": "https://registry.npmjs.org/pocketbase-ejs/-/pocketbase-ejs-3.1.10006.tgz",
      "integrity": "sha512-OBt+qsE7APD2baer4sTddwC1UfhT1HwIt4I208v5IZ2RXncgd5d0Z/DwAZy5PEJrWscHn2qCob4GLiEiv6lvEQ==",
      "license": "Apache-2.0",
      "dependencies": {
        "pocketbase-node": "^0.0.2"
      },
      "engines": {
        "node": ">=0.10.0"
      }
    },
    "node_modules/pocketbase-ejs/node_modules/pocketbase-node": {
      "version": "0.0.2",
      "resolved": "https://registry.npmjs.org/pocketbase-node/-/pocketbase-node-0.0.2.tgz",
      "integrity": "sha512-DuTxkJbA+d6XVfm2QVCoJLyJWDJplzeSp+BU2eIA2H7902yAvVTx7bTSnjp1g/Y/QBtRrrGyXStvrMu3tKPXXw==",
      "license": "MIT"
    },
    "node_modules/pocketbase-log": {
      "version": "0.0.2",
      "resolved": "https://registry.npmjs.org/pocketbase-log/-/pocketbase-log-0.0.2.tgz",
      "integrity": "sha512-d0thSPYopTZzC4I85hlN6hrZaQEX7BzHieovV45zqFfE3kl4rb65xITe3UDZ+/42IfCTEchaPbTUDP2yd1/E8g==",
      "license": "MIT",
      "dependencies": {
        "pocketbase-stringify": "^0.0.2"
      }
    },
    "node_modules/pocketbase-node": {
      "version": "0.0.3",
      "resolved": "https://registry.npmjs.org/pocketbase-node/-/pocketbase-node-0.0.3.tgz",
      "integrity": "sha512-ZGrRFRlJqSXDl63913ZoHdtmpXJcaKO1km8STlGDbUJY6A+4xRC84e31gM4frRwSNhW6HsgsqkmzAj+UkZkDLg==",
      "license": "MIT"
    },
    "node_modules/pocketbase-stringify": {
      "version": "0.0.2",
      "resolved": "https://registry.npmjs.org/pocketbase-stringify/-/pocketbase-stringify-0.0.2.tgz",
      "integrity": "sha512-KqN6K1fmRpw62PJ7Ue4zwnTuGaYkZ2XPwY+3yrHrwbmXvutLalbDd8ipOORPZI8myLrN6xkMIWXvqoDjfgBo5A==",
      "license": "MIT"
    },
    "node_modules/pocketpages": {
      "version": "0.22.3",
      "resolved": "https://registry.npmjs.org/pocketpages/-/pocketpages-0.22.3.tgz",
      "integrity": "sha512-Tsd7o+StgPJNLvJT/idaXInRxmQ5YwtI9GGumUu8tEEb6M8A9QKgy6cdjUyj3EO1DGwye8Wk7BxaVd3DzvF3lA==",
      "license": "MIT",
      "dependencies": {
        "pocketbase-log": "^0.0.2",
        "pocketpages-plugin-ejs": ">=0.1.2"
      }
    },
    "node_modules/pocketpages-plugin-ejs": {
      "version": "0.1.2",
      "resolved": "https://registry.npmjs.org/pocketpages-plugin-ejs/-/pocketpages-plugin-ejs-0.1.2.tgz",
      "integrity": "sha512-kdNgIdTKvq1nFcpmnCZbX65cLNgw3Dle15RHihwe58Bo9M25KTSIafHWPcCRSfoCRfCVPw5lQMB+606/upOV+w==",
      "dependencies": {
        "pocketbase-ejs": "^3.1.10006",
        "pocketbase-node": "^0.0.3",
        "pocketbase-stringify": "^0.0.2"
      }
    },
    "node_modules/pocketpages-plugin-realtime": {
      "version": "0.2.0",
      "resolved": "https://registry.npmjs.org/pocketpages-plugin-realtime/-/pocketpages-plugin-realtime-0.2.0.tgz",
      "integrity": "sha512-NBFrHkmymZKXc1pgwJdimXSjMXLtYfv1dZp2OROYUmaZXX8fHiQpFrwEf8fQIDedokYpDNgC4KttXCR3M6luxg=="
    }
  }
}
